
Microsoft Visual Studio Solution File, Format Version 12.00
# Visual Studio Version 17
VisualStudioVersion = 17.0.31912.275
MinimumVisualStudioVersion = 10.0.40219.1
Project("{FAE04EC0-301F-11D3-BF4B-00C04F79EFBC}") = "F12ClickerAutoClicker", "F12ClickerAutoClicker\F12ClickerAutoClicker.csproj", "{0D3BBFAC-3AF4-4A72-8CDE-B678B5121E9C}"
EndProject
Global
	GlobalSection(SolutionConfigurationPlatforms) = preSolution
		Debug|Any CPU = Debug|Any CPU
		Release|Any CPU = Release|Any CPU
	EndGlobalSection
	GlobalSection(ProjectConfigurationPlatforms) = postSolution
		{0D3BBFAC-3AF4-4A72-8CDE-B678B5121E9C}.Debug|Any CPU.ActiveCfg = Debug|Any CPU
		{0D3BBFAC-3AF4-4A72-8CDE-B678B5121E9C}.Debug|Any CPU.Build.0 = Debug|Any CPU
		{0D3BBFAC-3AF4-4A72-8CDE-B678B5121E9C}.Release|Any CPU.ActiveCfg = Release|Any CPU
		{0D3BBFAC-3AF4-4A72-8CDE-B678B5121E9C}.Release|Any CPU.Build.0 = Release|Any CPU
	EndGlobalSection
EndGlobal
